# This file is autogenerated, do not edit; changes may be undone by the next 'dep ensure'.


[[projects]]
  branch = "master"
  name = "github.com/OpenPeeDeeP/xdg"
  packages = ["."]
  revision = "8d747087fa4fbc3b1dcdd531ab65021e01bcecf4"

[[projects]]
  branch = "master"
  name = "github.com/golang/protobuf"
  packages = ["proto","ptypes","ptypes/any","ptypes/duration","ptypes/timestamp"]
  revision = "1e59b77b52bf8e4b449a57e6f79f21226d571845"

[[projects]]
  branch = "master"
  name = "github.com/ianschenck/envflag"
  packages = ["."]
  revision = "9111d830d133f952887a936367fb0211c3134f0d"

[[projects]]
  name = "github.com/inconshreveable/mousetrap"
  packages = ["."]
  revision = "76626ae9c91c4f2a10f34cad8ce83ea42c93bb75"
  version = "v1.0"

[[projects]]
  name = "github.com/rs/zerolog"
  packages = [".","internal/json","log"]
  revision = "3ac71fc58dbd43122668a912b755b0979ba9ce1f"
  version = "v1.3.0"

[[projects]]
  name = "github.com/spf13/cobra"
  packages = ["."]
  revision = "7b2c5ac9fc04fc5efafb60700713d4fa609b777b"
  version = "v0.0.1"

[[projects]]
  name = "github.com/spf13/pflag"
  packages = ["."]
  revision = "e57e3eeb33f795204c1ca35f56c44f83227c6e66"
  version = "v1.0.0"

[[projects]]
  branch = "master"
  name = "golang.org/x/net"
  packages = ["context","http2","http2/hpack","idna","internal/timeseries","lex/httplex","trace"]
  revision = "9dfe39835686865bff950a07b394c12a98ddc811"

[[projects]]
  branch = "master"
  name = "golang.org/x/text"
  packages = ["collate","collate/build","internal/colltab","internal/gen","internal/tag","internal/triegen","internal/ucd","language","secure/bidirule","transform","unicode/bidi","unicode/cldr","unicode/norm","unicode/rangetable"]
  revision = "88f656faf3f37f690df1a32515b479415e1a6769"

[[projects]]
  branch = "master"
  name = "google.golang.org/genproto"
  packages = ["googleapis/rpc/status"]
  revision = "891aceb7c239e72692819142dfca057bdcbfcb96"

[[projects]]
  name = "google.golang.org/grpc"
  packages = [".","balancer","codes","connectivity","credentials","grpclb/grpc_lb_v1/messages","grpclog","internal","keepalive","metadata","naming","peer","resolver","stats","status","tap","transport"]
  revision = "401e0e00e4bb830a10496d64cd95e068c5bf50de"
  version = "v1.7.3"

[solve-meta]
  analyzer-name = "dep"
  analyzer-version = 1
  inputs-digest = "5130c6847aa7c89ed5e0d6f5ef335de727e9e746685808ef974f99610c0e7493"
  solver-name = "gps-cdcl"
  solver-version = 1
